// !$*UTF8*$!
{
	archiveVersion = 1;
	classes = {
	};
	objectVersion = 50;
	objects = {

/* Begin PBXBuildFile section */
		068CF136207A6D770045C896 /* AppDelegate.swift in Sources */ = {isa = PBXBuildFile; fileRef = 068CF135207A6D770045C896 /* AppDelegate.swift */; };
		068CF13D207A6D780045C896 /* Assets.xcassets in Resources */ = {isa = PBXBuildFile; fileRef = 068CF13C207A6D780045C896 /* Assets.xcassets */; };
		068CF140207A6D780045C896 /* LaunchScreen.storyboard in Resources */ = {isa = PBXBuildFile; fileRef = 068CF13E207A6D780045C896 /* LaunchScreen.storyboard */; };
		06F7FBDA207A72D500FF03BB /* GradientView.swift in Sources */ = {isa = PBXBuildFile; fileRef = 06F7FBB8207A72D100FF03BB /* GradientView.swift */; };
		06F7FBDB207A72D500FF03BB /* SettingsVC.swift in Sources */ = {isa = PBXBuildFile; fileRef = 06F7FBB9207A72D100FF03BB /* SettingsVC.swift */; };
		06F7FBDC207A72D500FF03BB /* DatePickerController.swift in Sources */ = {isa = PBXBuildFile; fileRef = 06F7FBBA207A72D100FF03BB /* DatePickerController.swift */; };
		06F7FBDE207A72D500FF03BB /* SearchVC.swift in Sources */ = {isa = PBXBuildFile; fileRef = 06F7FBBD207A72D100FF03BB /* SearchVC.swift */; };
		06F7FBDF207A72D500FF03BB /* DateContainer.swift in Sources */ = {isa = PBXBuildFile; fileRef = 06F7FBBE207A72D100FF03BB /* DateContainer.swift */; };
		06F7FBE0207A72D500FF03BB /* HasPK.swift in Sources */ = {isa = PBXBuildFile; fileRef = 06F7FBBF207A72D100FF03BB /* HasPK.swift */; };
		06F7FBE2207A72D500FF03BB /* FilterVC.swift in Sources */ = {isa = PBXBuildFile; fileRef = 06F7FBC1207A72D200FF03BB /* FilterVC.swift */; };
		06F7FBE3207A72D500FF03BB /* PaddedLabel.swift in Sources */ = {isa = PBXBuildFile; fileRef = 06F7FBC2207A72D200FF03BB /* PaddedLabel.swift */; };
		06F7FBE4207A72D500FF03BB /* FeedCell.swift in Sources */ = {isa = PBXBuildFile; fileRef = 06F7FBC3207A72D200FF03BB /* FeedCell.swift */; };
		06F7FBE5207A72D500FF03BB /* UserPreferences.swift in Sources */ = {isa = PBXBuildFile; fileRef = 06F7FBC4207A72D200FF03BB /* UserPreferences.swift */; };
		06F7FBE6207A72D500FF03BB /* Time.swift in Sources */ = {isa = PBXBuildFile; fileRef = 06F7FBC5207A72D200FF03BB /* Time.swift */; };
		06F7FBE7207A72D500FF03BB /* Internet.swift in Sources */ = {isa = PBXBuildFile; fileRef = 06F7FBC6207A72D200FF03BB /* Internet.swift */; };
		06F7FBE8207A72D500FF03BB /* Category.swift in Sources */ = {isa = PBXBuildFile; fileRef = 06F7FBC7207A72D200FF03BB /* Category.swift */; };
		06F7FBEA207A72D500FF03BB /* EmptyStateTableVC.swift in Sources */ = {isa = PBXBuildFile; fileRef = 06F7FBC9207A72D200FF03BB /* EmptyStateTableVC.swift */; };
		06F7FBEB207A72D500FF03BB /* DatePageVC.swift in Sources */ = {isa = PBXBuildFile; fileRef = 06F7FBCA207A72D200FF03BB /* DatePageVC.swift */; };
		06F7FBEC207A72D500FF03BB /* Extensions.swift in Sources */ = {isa = PBXBuildFile; fileRef = 06F7FBCB207A72D200FF03BB /* Extensions.swift */; };
		06F7FBED207A72D500FF03BB /* DateCell.swift in Sources */ = {isa = PBXBuildFile; fileRef = 06F7FBCC207A72D200FF03BB /* DateCell.swift */; };
		06F7FBEE207A72D500FF03BB /* JSONObject.swift in Sources */ = {isa = PBXBuildFile; fileRef = 06F7FBCD207A72D300FF03BB /* JSONObject.swift */; };
		06F7FBEF207A72D500FF03BB /* UserData.swift in Sources */ = {isa = PBXBuildFile; fileRef = 06F7FBCE207A72D300FF03BB /* UserData.swift */; };
		06F7FBF0207A72D500FF03BB /* ScheduleVC.swift in Sources */ = {isa = PBXBuildFile; fileRef = 06F7FBCF207A72D300FF03BB /* ScheduleVC.swift */; };
		06F7FBF1207A72D500FF03BB /* TabBarVC.swift in Sources */ = {isa = PBXBuildFile; fileRef = 06F7FBD0207A72D300FF03BB /* TabBarVC.swift */; };
		06F7FBF2207A72D500FF03BB /* LocalNotifications.swift in Sources */ = {isa = PBXBuildFile; fileRef = 06F7FBD1207A72D300FF03BB /* LocalNotifications.swift */; };
		06F7FBF3207A72D500FF03BB /* FeedVC.swift in Sources */ = {isa = PBXBuildFile; fileRef = 06F7FBD2207A72D300FF03BB /* FeedVC.swift */; };
		06F7FBF5207A72D500FF03BB /* Event.swift in Sources */ = {isa = PBXBuildFile; fileRef = 06F7FBD4207A72D300FF03BB /* Event.swift */; };
		06F7FBF6207A72D500FF03BB /* Constants.swift in Sources */ = {isa = PBXBuildFile; fileRef = 06F7FBD5207A72D400FF03BB /* Constants.swift */; };
		06F7FBF8207A72D500FF03BB /* DetailsVC.swift in Sources */ = {isa = PBXBuildFile; fileRef = 06F7FBD7207A72D400FF03BB /* DetailsVC.swift */; };
		06F7FBFF207A761D00FF03BB /* CU-Days.xcdatamodeld in Sources */ = {isa = PBXBuildFile; fileRef = 06F7FBFD207A761D00FF03BB /* CU-Days.xcdatamodeld */; };
		869C2CD508B229A287D6DDDA /* Pods_CU_Days.framework in Frameworks */ = {isa = PBXBuildFile; fileRef = 5190FB348BE641ED8A337909 /* Pods_CU_Days.framework */; };
/* End PBXBuildFile section */

/* Begin PBXFileReference section */
		068CF132207A6D770045C896 /* CU Days.app */ = {isa = PBXFileReference; explicitFileType = wrapper.application; includeInIndex = 0; path = "CU Days.app"; sourceTree = BUILT_PRODUCTS_DIR; };
		068CF135207A6D770045C896 /* AppDelegate.swift */ = {isa = PBXFileReference; lastKnownFileType = sourcecode.swift; path = AppDelegate.swift; sourceTree = "<group>"; };
		068CF13C207A6D780045C896 /* Assets.xcassets */ = {isa = PBXFileReference; lastKnownFileType = folder.assetcatalog; path = Assets.xcassets; sourceTree = "<group>"; };
		068CF13F207A6D780045C896 /* Base */ = {isa = PBXFileReference; lastKnownFileType = file.storyboard; name = Base; path = Base.lproj/LaunchScreen.storyboard; sourceTree = "<group>"; };
		068CF141207A6D780045C896 /* Info.plist */ = {isa = PBXFileReference; lastKnownFileType = text.plist.xml; path = Info.plist; sourceTree = "<group>"; };
		06F7FBB6207A716200FF03BB /* MapKit.framework */ = {isa = PBXFileReference; lastKnownFileType = wrapper.framework; name = MapKit.framework; path = System/Library/Frameworks/MapKit.framework; sourceTree = SDKROOT; };
		06F7FBB8207A72D100FF03BB /* GradientView.swift */ = {isa = PBXFileReference; fileEncoding = 4; lastKnownFileType = sourcecode.swift; path = GradientView.swift; sourceTree = "<group>"; };
		06F7FBB9207A72D100FF03BB /* SettingsVC.swift */ = {isa = PBXFileReference; fileEncoding = 4; lastKnownFileType = sourcecode.swift; path = SettingsVC.swift; sourceTree = "<group>"; };
		06F7FBBA207A72D100FF03BB /* DatePickerController.swift */ = {isa = PBXFileReference; fileEncoding = 4; lastKnownFileType = sourcecode.swift; path = DatePickerController.swift; sourceTree = "<group>"; };
		06F7FBBD207A72D100FF03BB /* SearchVC.swift */ = {isa = PBXFileReference; fileEncoding = 4; lastKnownFileType = sourcecode.swift; path = SearchVC.swift; sourceTree = "<group>"; };
		06F7FBBE207A72D100FF03BB /* DateContainer.swift */ = {isa = PBXFileReference; fileEncoding = 4; lastKnownFileType = sourcecode.swift; path = DateContainer.swift; sourceTree = "<group>"; };
		06F7FBBF207A72D100FF03BB /* HasPK.swift */ = {isa = PBXFileReference; fileEncoding = 4; lastKnownFileType = sourcecode.swift; path = HasPK.swift; sourceTree = "<group>"; };
		06F7FBC1207A72D200FF03BB /* FilterVC.swift */ = {isa = PBXFileReference; fileEncoding = 4; lastKnownFileType = sourcecode.swift; path = FilterVC.swift; sourceTree = "<group>"; };
		06F7FBC2207A72D200FF03BB /* PaddedLabel.swift */ = {isa = PBXFileReference; fileEncoding = 4; lastKnownFileType = sourcecode.swift; path = PaddedLabel.swift; sourceTree = "<group>"; };
		06F7FBC3207A72D200FF03BB /* FeedCell.swift */ = {isa = PBXFileReference; fileEncoding = 4; lastKnownFileType = sourcecode.swift; path = FeedCell.swift; sourceTree = "<group>"; };
		06F7FBC4207A72D200FF03BB /* UserPreferences.swift */ = {isa = PBXFileReference; fileEncoding = 4; lastKnownFileType = sourcecode.swift; path = UserPreferences.swift; sourceTree = "<group>"; };
		06F7FBC5207A72D200FF03BB /* Time.swift */ = {isa = PBXFileReference; fileEncoding = 4; lastKnownFileType = sourcecode.swift; path = Time.swift; sourceTree = "<group>"; };
		06F7FBC6207A72D200FF03BB /* Internet.swift */ = {isa = PBXFileReference; fileEncoding = 4; lastKnownFileType = sourcecode.swift; path = Internet.swift; sourceTree = "<group>"; };
		06F7FBC7207A72D200FF03BB /* Category.swift */ = {isa = PBXFileReference; fileEncoding = 4; lastKnownFileType = sourcecode.swift; path = Category.swift; sourceTree = "<group>"; };
		06F7FBC9207A72D200FF03BB /* EmptyStateTableVC.swift */ = {isa = PBXFileReference; fileEncoding = 4; lastKnownFileType = sourcecode.swift; path = EmptyStateTableVC.swift; sourceTree = "<group>"; };
		06F7FBCA207A72D200FF03BB /* DatePageVC.swift */ = {isa = PBXFileReference; fileEncoding = 4; lastKnownFileType = sourcecode.swift; path = DatePageVC.swift; sourceTree = "<group>"; };
		06F7FBCB207A72D200FF03BB /* Extensions.swift */ = {isa = PBXFileReference; fileEncoding = 4; lastKnownFileType = sourcecode.swift; path = Extensions.swift; sourceTree = "<group>"; };
		06F7FBCC207A72D200FF03BB /* DateCell.swift */ = {isa = PBXFileReference; fileEncoding = 4; lastKnownFileType = sourcecode.swift; path = DateCell.swift; sourceTree = "<group>"; };
		06F7FBCD207A72D300FF03BB /* JSONObject.swift */ = {isa = PBXFileReference; fileEncoding = 4; lastKnownFileType = sourcecode.swift; path = JSONObject.swift; sourceTree = "<group>"; };
		06F7FBCE207A72D300FF03BB /* UserData.swift */ = {isa = PBXFileReference; fileEncoding = 4; lastKnownFileType = sourcecode.swift; path = UserData.swift; sourceTree = "<group>"; };
		06F7FBCF207A72D300FF03BB /* ScheduleVC.swift */ = {isa = PBXFileReference; fileEncoding = 4; lastKnownFileType = sourcecode.swift; path = ScheduleVC.swift; sourceTree = "<group>"; };
		06F7FBD0207A72D300FF03BB /* TabBarVC.swift */ = {isa = PBXFileReference; fileEncoding = 4; lastKnownFileType = sourcecode.swift; path = TabBarVC.swift; sourceTree = "<group>"; };
		06F7FBD1207A72D300FF03BB /* LocalNotifications.swift */ = {isa = PBXFileReference; fileEncoding = 4; lastKnownFileType = sourcecode.swift; path = LocalNotifications.swift; sourceTree = "<group>"; };
		06F7FBD2207A72D300FF03BB /* FeedVC.swift */ = {isa = PBXFileReference; fileEncoding = 4; lastKnownFileType = sourcecode.swift; path = FeedVC.swift; sourceTree = "<group>"; };
		06F7FBD4207A72D300FF03BB /* Event.swift */ = {isa = PBXFileReference; fileEncoding = 4; lastKnownFileType = sourcecode.swift; path = Event.swift; sourceTree = "<group>"; };
		06F7FBD5207A72D400FF03BB /* Constants.swift */ = {isa = PBXFileReference; fileEncoding = 4; lastKnownFileType = sourcecode.swift; path = Constants.swift; sourceTree = "<group>"; };
		06F7FBD7207A72D400FF03BB /* DetailsVC.swift */ = {isa = PBXFileReference; fileEncoding = 4; lastKnownFileType = sourcecode.swift; path = DetailsVC.swift; sourceTree = "<group>"; };
		06F7FBFE207A761D00FF03BB /* CU-Days.xcdatamodel */ = {isa = PBXFileReference; lastKnownFileType = wrapper.xcdatamodel; path = "CU-Days.xcdatamodel"; sourceTree = "<group>"; };
		5190FB348BE641ED8A337909 /* Pods_CU_Days.framework */ = {isa = PBXFileReference; explicitFileType = wrapper.framework; includeInIndex = 0; path = Pods_CU_Days.framework; sourceTree = BUILT_PRODUCTS_DIR; };
		9CA1271BBA3016612043C827 /* Pods-CU Days.release.xcconfig */ = {isa = PBXFileReference; includeInIndex = 1; lastKnownFileType = text.xcconfig; name = "Pods-CU Days.release.xcconfig"; path = "Pods/Target Support Files/Pods-CU Days/Pods-CU Days.release.xcconfig"; sourceTree = "<group>"; };
		E29D83A3DFC59D86259D92E6 /* Pods-CU Days.debug.xcconfig */ = {isa = PBXFileReference; includeInIndex = 1; lastKnownFileType = text.xcconfig; name = "Pods-CU Days.debug.xcconfig"; path = "Pods/Target Support Files/Pods-CU Days/Pods-CU Days.debug.xcconfig"; sourceTree = "<group>"; };
/* End PBXFileReference section */

/* Begin PBXFrameworksBuildPhase section */
		068CF12F207A6D760045C896 /* Frameworks */ = {
			isa = PBXFrameworksBuildPhase;
			buildActionMask = 2147483647;
			files = (
				869C2CD508B229A287D6DDDA /* Pods_CU_Days.framework in Frameworks */,
			);
			runOnlyForDeploymentPostprocessing = 0;
		};
/* End PBXFrameworksBuildPhase section */

/* Begin PBXGroup section */
		068CF129207A6D760045C896 = {
			isa = PBXGroup;
			children = (
				068CF134207A6D770045C896 /* CU Days */,
				068CF133207A6D770045C896 /* Products */,
				3502D0BBCD27C0EF262D6807 /* Pods */,
				E61B5C26A8BA3AB58AA30D59 /* Frameworks */,
			);
			sourceTree = "<group>";
		};
		068CF133207A6D770045C896 /* Products */ = {
			isa = PBXGroup;
			children = (
				068CF132207A6D770045C896 /* CU Days.app */,
			);
			name = Products;
			sourceTree = "<group>";
		};
		068CF134207A6D770045C896 /* CU Days */ = {
			isa = PBXGroup;
			children = (
				06F7FBFC207A731900FF03BB /* Utils */,
				06F7FBFB207A731000FF03BB /* Models */,
				06F7FBCC207A72D200FF03BB /* DateCell.swift */,
				06F7FBCA207A72D200FF03BB /* DatePageVC.swift */,
				06F7FBBA207A72D100FF03BB /* DatePickerController.swift */,
				06F7FBD7207A72D400FF03BB /* DetailsVC.swift */,
				06F7FBC3207A72D200FF03BB /* FeedCell.swift */,
				06F7FBD2207A72D300FF03BB /* FeedVC.swift */,
				06F7FBC1207A72D200FF03BB /* FilterVC.swift */,
				06F7FBCF207A72D300FF03BB /* ScheduleVC.swift */,
				06F7FBBD207A72D100FF03BB /* SearchVC.swift */,
				06F7FBB9207A72D100FF03BB /* SettingsVC.swift */,
				06F7FBD0207A72D300FF03BB /* TabBarVC.swift */,
				06F7FBCE207A72D300FF03BB /* UserData.swift */,
				068CF135207A6D770045C896 /* AppDelegate.swift */,
				068CF13C207A6D780045C896 /* Assets.xcassets */,
				068CF13E207A6D780045C896 /* LaunchScreen.storyboard */,
				068CF141207A6D780045C896 /* Info.plist */,
				06F7FBFD207A761D00FF03BB /* CU-Days.xcdatamodeld */,
			);
			path = "CU Days";
			sourceTree = "<group>";
		};
		06F7FBFB207A731000FF03BB /* Models */ = {
			isa = PBXGroup;
			children = (
				06F7FBD4207A72D300FF03BB /* Event.swift */,
				06F7FBC7207A72D200FF03BB /* Category.swift */,
				06F7FBBE207A72D100FF03BB /* DateContainer.swift */,
				06F7FBC9207A72D200FF03BB /* EmptyStateTableVC.swift */,
				06F7FBB8207A72D100FF03BB /* GradientView.swift */,
				06F7FBBF207A72D100FF03BB /* HasPK.swift */,
				06F7FBCD207A72D300FF03BB /* JSONObject.swift */,
				06F7FBC2207A72D200FF03BB /* PaddedLabel.swift */,
				06F7FBC5207A72D200FF03BB /* Time.swift */,
				06F7FBC4207A72D200FF03BB /* UserPreferences.swift */,
			);
			path = Models;
			sourceTree = "<group>";
		};
		06F7FBFC207A731900FF03BB /* Utils */ = {
			isa = PBXGroup;
			children = (
				06F7FBD5207A72D400FF03BB /* Constants.swift */,
				06F7FBCB207A72D200FF03BB /* Extensions.swift */,
				06F7FBC6207A72D200FF03BB /* Internet.swift */,
				06F7FBD1207A72D300FF03BB /* LocalNotifications.swift */,
			);
			path = Utils;
			sourceTree = "<group>";
		};
		3502D0BBCD27C0EF262D6807 /* Pods */ = {
			isa = PBXGroup;
			children = (
				E29D83A3DFC59D86259D92E6 /* Pods-CU Days.debug.xcconfig */,
				9CA1271BBA3016612043C827 /* Pods-CU Days.release.xcconfig */,
			);
			name = Pods;
			sourceTree = "<group>";
		};
		E61B5C26A8BA3AB58AA30D59 /* Frameworks */ = {
			isa = PBXGroup;
			children = (
				06F7FBB6207A716200FF03BB /* MapKit.framework */,
				5190FB348BE641ED8A337909 /* Pods_CU_Days.framework */,
			);
			name = Frameworks;
			sourceTree = "<group>";
		};
/* End PBXGroup section */

/* Begin PBXNativeTarget section */
		068CF131207A6D760045C896 /* CU Days */ = {
			isa = PBXNativeTarget;
			buildConfigurationList = 068CF144207A6D780045C896 /* Build configuration list for PBXNativeTarget "CU Days" */;
			buildPhases = (
				A6771949A7EC054DE8623331 /* [CP] Check Pods Manifest.lock */,
				068CF12E207A6D760045C896 /* Sources */,
				068CF12F207A6D760045C896 /* Frameworks */,
				068CF130207A6D760045C896 /* Resources */,
				CE1557C2BA4234812FBB156A /* [CP] Embed Pods Frameworks */,
				784616304C7A59BAF39C0C41 /* [CP] Copy Pods Resources */,
			);
			buildRules = (
			);
			dependencies = (
			);
			name = "CU Days";
			productName = "CU Days";
			productReference = 068CF132207A6D770045C896 /* CU Days.app */;
			productType = "com.apple.product-type.application";
		};
/* End PBXNativeTarget section */

/* Begin PBXProject section */
		068CF12A207A6D760045C896 /* Project object */ = {
			isa = PBXProject;
			attributes = {
				LastSwiftUpdateCheck = 0930;
				LastUpgradeCheck = 0930;
				ORGANIZATIONNAME = "Cornell DTI";
				TargetAttributes = {
					068CF131207A6D760045C896 = {
						CreatedOnToolsVersion = 9.3;
						SystemCapabilities = {
							com.apple.BackgroundModes = {
								enabled = 1;
							};
							com.apple.Maps.iOS = {
								enabled = 0;
							};
						};
					};
				};
			};
			buildConfigurationList = 068CF12D207A6D760045C896 /* Build configuration list for PBXProject "CU Days" */;
			compatibilityVersion = "Xcode 9.3";
			developmentRegion = en;
			hasScannedForEncodings = 0;
			knownRegions = (
				en,
				Base,
			);
			mainGroup = 068CF129207A6D760045C896;
			productRefGroup = 068CF133207A6D770045C896 /* Products */;
			projectDirPath = "";
			projectRoot = "";
			targets = (
				068CF131207A6D760045C896 /* CU Days */,
			);
		};
/* End PBXProject section */

/* Begin PBXResourcesBuildPhase section */
		068CF130207A6D760045C896 /* Resources */ = {
			isa = PBXResourcesBuildPhase;
			buildActionMask = 2147483647;
			files = (
				068CF140207A6D780045C896 /* LaunchScreen.storyboard in Resources */,
				068CF13D207A6D780045C896 /* Assets.xcassets in Resources */,
			);
			runOnlyForDeploymentPostprocessing = 0;
		};
/* End PBXResourcesBuildPhase section */

/* Begin PBXShellScriptBuildPhase section */
		784616304C7A59BAF39C0C41 /* [CP] Copy Pods Resources */ = {
			isa = PBXShellScriptBuildPhase;
			buildActionMask = 2147483647;
			files = (
			);
			inputPaths = (
				"${SRCROOT}/Pods/Target Support Files/Pods-CU Days/Pods-CU Days-resources.sh",
				"${PODS_ROOT}/GoogleMaps/Maps/Frameworks/GoogleMaps.framework/Resources/GoogleMaps.bundle",
				"${PODS_ROOT}/GooglePlaces/Frameworks/GooglePlaces.framework/Resources/GooglePlaces.bundle",
			);
			name = "[CP] Copy Pods Resources";
			outputPaths = (
				"${TARGET_BUILD_DIR}/${UNLOCALIZED_RESOURCES_FOLDER_PATH}/GoogleMaps.bundle",
				"${TARGET_BUILD_DIR}/${UNLOCALIZED_RESOURCES_FOLDER_PATH}/GooglePlaces.bundle",
			);
			runOnlyForDeploymentPostprocessing = 0;
			shellPath = /bin/sh;
			shellScript = "\"${SRCROOT}/Pods/Target Support Files/Pods-CU Days/Pods-CU Days-resources.sh\"\n";
			showEnvVarsInLog = 0;
		};
		A6771949A7EC054DE8623331 /* [CP] Check Pods Manifest.lock */ = {
			isa = PBXShellScriptBuildPhase;
			buildActionMask = 2147483647;
			files = (
			);
			inputPaths = (
				"${PODS_PODFILE_DIR_PATH}/Podfile.lock",
				"${PODS_ROOT}/Manifest.lock",
			);
			name = "[CP] Check Pods Manifest.lock";
			outputPaths = (
				"$(DERIVED_FILE_DIR)/Pods-CU Days-checkManifestLockResult.txt",
			);
			runOnlyForDeploymentPostprocessing = 0;
			shellPath = /bin/sh;
			shellScript = "diff \"${PODS_PODFILE_DIR_PATH}/Podfile.lock\" \"${PODS_ROOT}/Manifest.lock\" > /dev/null\nif [ $? != 0 ] ; then\n    # print error to STDERR\n    echo \"error: The sandbox is not in sync with the Podfile.lock. Run 'pod install' or update your CocoaPods installation.\" >&2\n    exit 1\nfi\n# This output is used by Xcode 'outputs' to avoid re-running this script phase.\necho \"SUCCESS\" > \"${SCRIPT_OUTPUT_FILE_0}\"\n";
			showEnvVarsInLog = 0;
		};
		CE1557C2BA4234812FBB156A /* [CP] Embed Pods Frameworks */ = {
			isa = PBXShellScriptBuildPhase;
			buildActionMask = 2147483647;
			files = (
			);
			inputPaths = (
				"${SRCROOT}/Pods/Target Support Files/Pods-CU Days/Pods-CU Days-frameworks.sh",
				"${BUILT_PRODUCTS_DIR}/PKHUD/PKHUD.framework",
				"${BUILT_PRODUCTS_DIR}/PureLayout/PureLayout.framework",
			);
			name = "[CP] Embed Pods Frameworks";
			outputPaths = (
				"${TARGET_BUILD_DIR}/${FRAMEWORKS_FOLDER_PATH}/PKHUD.framework",
				"${TARGET_BUILD_DIR}/${FRAMEWORKS_FOLDER_PATH}/PureLayout.framework",
			);
			runOnlyForDeploymentPostprocessing = 0;
			shellPath = /bin/sh;
			shellScript = "\"${SRCROOT}/Pods/Target Support Files/Pods-CU Days/Pods-CU Days-frameworks.sh\"\n";
			showEnvVarsInLog = 0;
		};
/* End PBXShellScriptBuildPhase section */

/* Begin PBXSourcesBuildPhase section */
		068CF12E207A6D760045C896 /* Sources */ = {
			isa = PBXSourcesBuildPhase;
			buildActionMask = 2147483647;
			files = (
				06F7FBE0207A72D500FF03BB /* HasPK.swift in Sources */,
				06F7FBED207A72D500FF03BB /* DateCell.swift in Sources */,
				06F7FBFF207A761D00FF03BB /* CU-Days.xcdatamodeld in Sources */,
				06F7FBE5207A72D500FF03BB /* UserPreferences.swift in Sources */,
				06F7FBF2207A72D500FF03BB /* LocalNotifications.swift in Sources */,
				06F7FBF5207A72D500FF03BB /* Event.swift in Sources */,
				06F7FBE7207A72D500FF03BB /* Internet.swift in Sources */,
				06F7FBE4207A72D500FF03BB /* FeedCell.swift in Sources */,
				06F7FBF0207A72D500FF03BB /* ScheduleVC.swift in Sources */,
				06F7FBF8207A72D500FF03BB /* DetailsVC.swift in Sources */,
				06F7FBF6207A72D500FF03BB /* Constants.swift in Sources */,
				06F7FBF3207A72D500FF03BB /* FeedVC.swift in Sources */,
				06F7FBF1207A72D500FF03BB /* TabBarVC.swift in Sources */,
				06F7FBDB207A72D500FF03BB /* SettingsVC.swift in Sources */,
				06F7FBEB207A72D500FF03BB /* DatePageVC.swift in Sources */,
				06F7FBEE207A72D500FF03BB /* JSONObject.swift in Sources */,
				068CF136207A6D770045C896 /* AppDelegate.swift in Sources */,
				06F7FBEA207A72D500FF03BB /* EmptyStateTableVC.swift in Sources */,
				06F7FBDC207A72D500FF03BB /* DatePickerController.swift in Sources */,
				06F7FBE3207A72D500FF03BB /* PaddedLabel.swift in Sources */,
				06F7FBEC207A72D500FF03BB /* Extensions.swift in Sources */,
				06F7FBDA207A72D500FF03BB /* GradientView.swift in Sources */,
				06F7FBE8207A72D500FF03BB /* Category.swift in Sources */,
				06F7FBEF207A72D500FF03BB /* UserData.swift in Sources */,
				06F7FBDE207A72D500FF03BB /* SearchVC.swift in Sources */,
				06F7FBE6207A72D500FF03BB /* Time.swift in Sources */,
				06F7FBE2207A72D500FF03BB /* FilterVC.swift in Sources */,
				06F7FBDF207A72D500FF03BB /* DateContainer.swift in Sources */,
			);
			runOnlyForDeploymentPostprocessing = 0;
		};
/* End PBXSourcesBuildPhase section */

/* Begin PBXVariantGroup section */
		068CF13E207A6D780045C896 /* LaunchScreen.storyboard */ = {
			isa = PBXVariantGroup;
			children = (
				068CF13F207A6D780045C896 /* Base */,
			);
			name = LaunchScreen.storyboard;
			sourceTree = "<group>";
		};
/* End PBXVariantGroup section */

/* Begin XCBuildConfiguration section */
		068CF142207A6D780045C896 /* Debug */ = {
			isa = XCBuildConfiguration;
			buildSettings = {
				ALWAYS_SEARCH_USER_PATHS = NO;
				CLANG_ANALYZER_NONNULL = YES;
				CLANG_ANALYZER_NUMBER_OBJECT_CONVERSION = YES_AGGRESSIVE;
				CLANG_CXX_LANGUAGE_STANDARD = "gnu++14";
				CLANG_CXX_LIBRARY = "libc++";
				CLANG_ENABLE_MODULES = YES;
				CLANG_ENABLE_OBJC_ARC = YES;
				CLANG_ENABLE_OBJC_WEAK = YES;
				CLANG_WARN_BLOCK_CAPTURE_AUTORELEASING = YES;
				CLANG_WARN_BOOL_CONVERSION = YES;
				CLANG_WARN_COMMA = YES;
				CLANG_WARN_CONSTANT_CONVERSION = YES;
				CLANG_WARN_DEPRECATED_OBJC_IMPLEMENTATIONS = YES;
				CLANG_WARN_DIRECT_OBJC_ISA_USAGE = YES_ERROR;
				CLANG_WARN_DOCUMENTATION_COMMENTS = YES;
				CLANG_WARN_EMPTY_BODY = YES;
				CLANG_WARN_ENUM_CONVERSION = YES;
				CLANG_WARN_INFINITE_RECURSION = YES;
				CLANG_WARN_INT_CONVERSION = YES;
				CLANG_WARN_NON_LITERAL_NULL_CONVERSION = YES;
				CLANG_WARN_OBJC_IMPLICIT_RETAIN_SELF = YES;
				CLANG_WARN_OBJC_LITERAL_CONVERSION = YES;
				CLANG_WARN_OBJC_ROOT_CLASS = YES_ERROR;
				CLANG_WARN_RANGE_LOOP_ANALYSIS = YES;
				CLANG_WARN_STRICT_PROTOTYPES = YES;
				CLANG_WARN_SUSPICIOUS_MOVE = YES;
				CLANG_WARN_UNGUARDED_AVAILABILITY = YES_AGGRESSIVE;
				CLANG_WARN_UNREACHABLE_CODE = YES;
				CLANG_WARN__DUPLICATE_METHOD_MATCH = YES;
				CODE_SIGN_IDENTITY = "iPhone Developer";
				COPY_PHASE_STRIP = NO;
				DEBUG_INFORMATION_FORMAT = dwarf;
				ENABLE_STRICT_OBJC_MSGSEND = YES;
				ENABLE_TESTABILITY = YES;
				GCC_C_LANGUAGE_STANDARD = gnu11;
				GCC_DYNAMIC_NO_PIC = NO;
				GCC_NO_COMMON_BLOCKS = YES;
				GCC_OPTIMIZATION_LEVEL = 0;
				GCC_PREPROCESSOR_DEFINITIONS = (
					"DEBUG=1",
					"$(inherited)",
				);
				GCC_WARN_64_TO_32_BIT_CONVERSION = YES;
				GCC_WARN_ABOUT_RETURN_TYPE = YES_ERROR;
				GCC_WARN_UNDECLARED_SELECTOR = YES;
				GCC_WARN_UNINITIALIZED_AUTOS = YES_AGGRESSIVE;
				GCC_WARN_UNUSED_FUNCTION = YES;
				GCC_WARN_UNUSED_VARIABLE = YES;
				IPHONEOS_DEPLOYMENT_TARGET = 11.3;
				MTL_ENABLE_DEBUG_INFO = YES;
				ONLY_ACTIVE_ARCH = YES;
				SDKROOT = iphoneos;
				SWIFT_ACTIVE_COMPILATION_CONDITIONS = DEBUG;
				SWIFT_OPTIMIZATION_LEVEL = "-Onone";
			};
			name = Debug;
		};
		068CF143207A6D780045C896 /* Release */ = {
			isa = XCBuildConfiguration;
			buildSettings = {
				ALWAYS_SEARCH_USER_PATHS = NO;
				CLANG_ANALYZER_NONNULL = YES;
				CLANG_ANALYZER_NUMBER_OBJECT_CONVERSION = YES_AGGRESSIVE;
				CLANG_CXX_LANGUAGE_STANDARD = "gnu++14";
				CLANG_CXX_LIBRARY = "libc++";
				CLANG_ENABLE_MODULES = YES;
				CLANG_ENABLE_OBJC_ARC = YES;
				CLANG_ENABLE_OBJC_WEAK = YES;
				CLANG_WARN_BLOCK_CAPTURE_AUTORELEASING = YES;
				CLANG_WARN_BOOL_CONVERSION = YES;
				CLANG_WARN_COMMA = YES;
				CLANG_WARN_CONSTANT_CONVERSION = YES;
				CLANG_WARN_DEPRECATED_OBJC_IMPLEMENTATIONS = YES;
				CLANG_WARN_DIRECT_OBJC_ISA_USAGE = YES_ERROR;
				CLANG_WARN_DOCUMENTATION_COMMENTS = YES;
				CLANG_WARN_EMPTY_BODY = YES;
				CLANG_WARN_ENUM_CONVERSION = YES;
				CLANG_WARN_INFINITE_RECURSION = YES;
				CLANG_WARN_INT_CONVERSION = YES;
				CLANG_WARN_NON_LITERAL_NULL_CONVERSION = YES;
				CLANG_WARN_OBJC_IMPLICIT_RETAIN_SELF = YES;
				CLANG_WARN_OBJC_LITERAL_CONVERSION = YES;
				CLANG_WARN_OBJC_ROOT_CLASS = YES_ERROR;
				CLANG_WARN_RANGE_LOOP_ANALYSIS = YES;
				CLANG_WARN_STRICT_PROTOTYPES = YES;
				CLANG_WARN_SUSPICIOUS_MOVE = YES;
				CLANG_WARN_UNGUARDED_AVAILABILITY = YES_AGGRESSIVE;
				CLANG_WARN_UNREACHABLE_CODE = YES;
				CLANG_WARN__DUPLICATE_METHOD_MATCH = YES;
				CODE_SIGN_IDENTITY = "iPhone Developer";
				COPY_PHASE_STRIP = NO;
				DEBUG_INFORMATION_FORMAT = "dwarf-with-dsym";
				ENABLE_NS_ASSERTIONS = NO;
				ENABLE_STRICT_OBJC_MSGSEND = YES;
				GCC_C_LANGUAGE_STANDARD = gnu11;
				GCC_NO_COMMON_BLOCKS = YES;
				GCC_WARN_64_TO_32_BIT_CONVERSION = YES;
				GCC_WARN_ABOUT_RETURN_TYPE = YES_ERROR;
				GCC_WARN_UNDECLARED_SELECTOR = YES;
				GCC_WARN_UNINITIALIZED_AUTOS = YES_AGGRESSIVE;
				GCC_WARN_UNUSED_FUNCTION = YES;
				GCC_WARN_UNUSED_VARIABLE = YES;
				IPHONEOS_DEPLOYMENT_TARGET = 11.3;
				MTL_ENABLE_DEBUG_INFO = NO;
				SDKROOT = iphoneos;
				SWIFT_COMPILATION_MODE = wholemodule;
				SWIFT_OPTIMIZATION_LEVEL = "-O";
				VALIDATE_PRODUCT = YES;
			};
			name = Release;
		};
		068CF145207A6D780045C896 /* Debug */ = {
			isa = XCBuildConfiguration;
			baseConfigurationReference = E29D83A3DFC59D86259D92E6 /* Pods-CU Days.debug.xcconfig */;
			buildSettings = {
				ASSETCATALOG_COMPILER_APPICON_NAME = AppIcon;
				CODE_SIGN_STYLE = Automatic;
				DEVELOPMENT_TEAM = UJQ88SCQSQ;
				INFOPLIST_FILE = "CU Days/Info.plist";
				IPHONEOS_DEPLOYMENT_TARGET = 10.2;
				LD_RUNPATH_SEARCH_PATHS = (
					"$(inherited)",
					"@executable_path/Frameworks",
				);
				PRODUCT_BUNDLE_IDENTIFIER = "cornelldti.CU-Days";
				PRODUCT_NAME = "$(TARGET_NAME)";
				SWIFT_VERSION = 4.0;
				TARGETED_DEVICE_FAMILY = 1;
			};
			name = Debug;
		};
		068CF146207A6D780045C896 /* Release */ = {
			isa = XCBuildConfiguration;
			baseConfigurationReference = 9CA1271BBA3016612043C827 /* Pods-CU Days.release.xcconfig */;
			buildSettings = {
				ASSETCATALOG_COMPILER_APPICON_NAME = AppIcon;
				CODE_SIGN_STYLE = Automatic;
				DEVELOPMENT_TEAM = UJQ88SCQSQ;
				INFOPLIST_FILE = "CU Days/Info.plist";
				IPHONEOS_DEPLOYMENT_TARGET = 10.2;
				LD_RUNPATH_SEARCH_PATHS = (
					"$(inherited)",
					"@executable_path/Frameworks",
				);
				PRODUCT_BUNDLE_IDENTIFIER = "cornelldti.CU-Days";
				PRODUCT_NAME = "$(TARGET_NAME)";
				SWIFT_VERSION = 4.0;
				TARGETED_DEVICE_FAMILY = 1;
			};
			name = Release;
		};
/* End XCBuildConfiguration section */

/* Begin XCConfigurationList section */
		068CF12D207A6D760045C896 /* Build configuration list for PBXProject "CU Days" */ = {
			isa = XCConfigurationList;
			buildConfigurations = (
				068CF142207A6D780045C896 /* Debug */,
				068CF143207A6D780045C896 /* Release */,
			);
			defaultConfigurationIsVisible = 0;
			defaultConfigurationName = Release;
		};
		068CF144207A6D780045C896 /* Build configuration list for PBXNativeTarget "CU Days" */ = {
			isa = XCConfigurationList;
			buildConfigurations = (
				068CF145207A6D780045C896 /* Debug */,
				068CF146207A6D780045C896 /* Release */,
			);
			defaultConfigurationIsVisible = 0;
			defaultConfigurationName = Release;
		};
/* End XCConfigurationList section */

/* Begin XCVersionGroup section */
		06F7FBFD207A761D00FF03BB /* CU-Days.xcdatamodeld */ = {
			isa = XCVersionGroup;
			children = (
				06F7FBFE207A761D00FF03BB /* CU-Days.xcdatamodel */,
			);
			currentVersion = 06F7FBFE207A761D00FF03BB /* CU-Days.xcdatamodel */;
			path = "CU-Days.xcdatamodeld";
			sourceTree = "<group>";
			versionGroupType = wrapper.xcdatamodel;
		};
/* End XCVersionGroup section */
	};
	rootObject = 068CF12A207A6D760045C896 /* Project object */;
}
